
Microsoft Visual Studio Solution File, Format Version 12.00
# Visual Studio Version 16
VisualStudioVersion = 16.0.31424.327
MinimumVisualStudioVersion = 10.0.40219.1
Project("{2150E333-8FDC-42A3-9474-1A3956D46DE8}") = "src", "src", "{38050C7C-BCE7-4DC4-B0C9-BA506FBE065C}"
EndProject
Project("{9A19103F-16F7-4668-BE54-9A1E7A4F7556}") = "AttributedDI", "src\AttributedDI\AttributedDI.csproj", "{0A854C5D-8126-460C-9AA4-8E00462BBAB7}"
EndProject
Project("{2150E333-8FDC-42A3-9474-1A3956D46DE8}") = "test", "test", "{4B06D2B2-E90E-4A4F-AE63-5B11DDF5DD0F}"
EndProject
Project("{9A19103F-16F7-4668-BE54-9A1E7A4F7556}") = "AttributedDI.Tests", "test\AttributedDI.Tests\AttributedDI.Tests.csproj", "{E0861708-77E2-4813-BBC4-D4A5E52899E5}"
EndProject
Project("{9A19103F-16F7-4668-BE54-9A1E7A4F7556}") = "AssemblyWithMultipleTypesToRegister", "test\AssemblyWithMultipleTypesToRegister\AssemblyWithMultipleTypesToRegister.csproj", "{162F674D-4D68-4134-ACDF-7A6673DF4325}"
EndProject
Project("{9A19103F-16F7-4668-BE54-9A1E7A4F7556}") = "AssemblyWithNoTypesToRegister", "test\AssemblyWithNoTypesToRegister\AssemblyWithNoTypesToRegister.csproj", "{9DABCF61-C71A-4E5C-8EED-CDFF01CB4BBE}"
EndProject
Project("{9A19103F-16F7-4668-BE54-9A1E7A4F7556}") = "AssemblyWithSingleTypeWithMultipleRegisterAttributes", "test\AssemblyWithSingleTypeWithMultipleRegisterAttributes\AssemblyWithSingleTypeWithMultipleRegisterAttributes.csproj", "{F4F4766F-5C9F-4650-862E-0189BAA1CA9E}"
EndProject
Project("{2150E333-8FDC-42A3-9474-1A3956D46DE8}") = "Solution Items", "Solution Items", "{AC98A9EE-8990-4D73-83D2-7B21D8B901EB}"
	ProjectSection(SolutionItems) = preProject
		.editorconfig = .editorconfig
		README.md = README.md
	EndProjectSection
EndProject
Project("{FAE04EC0-301F-11D3-BF4B-00C04F79EFBC}") = "AttributedDI.SourceGenerator", "src\AttributedDI.SourceGenerator\AttributedDI.SourceGenerator.csproj", "{7473EE0B-4C44-4988-A7C3-35147B68A3D3}"
EndProject
Project("{FAE04EC0-301F-11D3-BF4B-00C04F79EFBC}") = "AssemblyWithLifetimeAttributes", "test\AssemblyWithLifetimeAttributes\AssemblyWithLifetimeAttributes.csproj", "{41477FC6-173B-446A-941E-F4B492CD047C}"
EndProject
Global
	GlobalSection(SolutionConfigurationPlatforms) = preSolution
		Debug|Any CPU = Debug|Any CPU
		Debug|x64 = Debug|x64
		Debug|x86 = Debug|x86
		Release|Any CPU = Release|Any CPU
		Release|x64 = Release|x64
		Release|x86 = Release|x86
	EndGlobalSection
	GlobalSection(ProjectConfigurationPlatforms) = postSolution
		{0A854C5D-8126-460C-9AA4-8E00462BBAB7}.Debug|Any CPU.ActiveCfg = Debug|Any CPU
		{0A854C5D-8126-460C-9AA4-8E00462BBAB7}.Debug|Any CPU.Build.0 = Debug|Any CPU
		{0A854C5D-8126-460C-9AA4-8E00462BBAB7}.Debug|x64.ActiveCfg = Debug|Any CPU
		{0A854C5D-8126-460C-9AA4-8E00462BBAB7}.Debug|x64.Build.0 = Debug|Any CPU
		{0A854C5D-8126-460C-9AA4-8E00462BBAB7}.Debug|x86.ActiveCfg = Debug|Any CPU
		{0A854C5D-8126-460C-9AA4-8E00462BBAB7}.Debug|x86.Build.0 = Debug|Any CPU
		{0A854C5D-8126-460C-9AA4-8E00462BBAB7}.Release|Any CPU.ActiveCfg = Release|Any CPU
		{0A854C5D-8126-460C-9AA4-8E00462BBAB7}.Release|Any CPU.Build.0 = Release|Any CPU
		{0A854C5D-8126-460C-9AA4-8E00462BBAB7}.Release|x64.ActiveCfg = Release|Any CPU
		{0A854C5D-8126-460C-9AA4-8E00462BBAB7}.Release|x64.Build.0 = Release|Any CPU
		{0A854C5D-8126-460C-9AA4-8E00462BBAB7}.Release|x86.ActiveCfg = Release|Any CPU
		{0A854C5D-8126-460C-9AA4-8E00462BBAB7}.Release|x86.Build.0 = Release|Any CPU
		{E0861708-77E2-4813-BBC4-D4A5E52899E5}.Debug|Any CPU.ActiveCfg = Debug|Any CPU
		{E0861708-77E2-4813-BBC4-D4A5E52899E5}.Debug|Any CPU.Build.0 = Debug|Any CPU
		{E0861708-77E2-4813-BBC4-D4A5E52899E5}.Debug|x64.ActiveCfg = Debug|Any CPU
		{E0861708-77E2-4813-BBC4-D4A5E52899E5}.Debug|x64.Build.0 = Debug|Any CPU
		{E0861708-77E2-4813-BBC4-D4A5E52899E5}.Debug|x86.ActiveCfg = Debug|Any CPU
		{E0861708-77E2-4813-BBC4-D4A5E52899E5}.Debug|x86.Build.0 = Debug|Any CPU
		{E0861708-77E2-4813-BBC4-D4A5E52899E5}.Release|Any CPU.ActiveCfg = Release|Any CPU
		{E0861708-77E2-4813-BBC4-D4A5E52899E5}.Release|Any CPU.Build.0 = Release|Any CPU
		{E0861708-77E2-4813-BBC4-D4A5E52899E5}.Release|x64.ActiveCfg = Release|Any CPU
		{E0861708-77E2-4813-BBC4-D4A5E52899E5}.Release|x64.Build.0 = Release|Any CPU
		{E0861708-77E2-4813-BBC4-D4A5E52899E5}.Release|x86.ActiveCfg = Release|Any CPU
		{E0861708-77E2-4813-BBC4-D4A5E52899E5}.Release|x86.Build.0 = Release|Any CPU
		{162F674D-4D68-4134-ACDF-7A6673DF4325}.Debug|Any CPU.ActiveCfg = Debug|Any CPU
		{162F674D-4D68-4134-ACDF-7A6673DF4325}.Debug|Any CPU.Build.0 = Debug|Any CPU
		{162F674D-4D68-4134-ACDF-7A6673DF4325}.Debug|x64.ActiveCfg = Debug|Any CPU
		{162F674D-4D68-4134-ACDF-7A6673DF4325}.Debug|x64.Build.0 = Debug|Any CPU
		{162F674D-4D68-4134-ACDF-7A6673DF4325}.Debug|x86.ActiveCfg = Debug|Any CPU
		{162F674D-4D68-4134-ACDF-7A6673DF4325}.Debug|x86.Build.0 = Debug|Any CPU
		{162F674D-4D68-4134-ACDF-7A6673DF4325}.Release|Any CPU.ActiveCfg = Release|Any CPU
		{162F674D-4D68-4134-ACDF-7A6673DF4325}.Release|Any CPU.Build.0 = Release|Any CPU
		{162F674D-4D68-4134-ACDF-7A6673DF4325}.Release|x64.ActiveCfg = Release|Any CPU
		{162F674D-4D68-4134-ACDF-7A6673DF4325}.Release|x64.Build.0 = Release|Any CPU
		{162F674D-4D68-4134-ACDF-7A6673DF4325}.Release|x86.ActiveCfg = Release|Any CPU
		{162F674D-4D68-4134-ACDF-7A6673DF4325}.Release|x86.Build.0 = Release|Any CPU
		{9DABCF61-C71A-4E5C-8EED-CDFF01CB4BBE}.Debug|Any CPU.ActiveCfg = Debug|Any CPU
		{9DABCF61-C71A-4E5C-8EED-CDFF01CB4BBE}.Debug|Any CPU.Build.0 = Debug|Any CPU
		{9DABCF61-C71A-4E5C-8EED-CDFF01CB4BBE}.Debug|x64.ActiveCfg = Debug|Any CPU
		{9DABCF61-C71A-4E5C-8EED-CDFF01CB4BBE}.Debug|x64.Build.0 = Debug|Any CPU
		{9DABCF61-C71A-4E5C-8EED-CDFF01CB4BBE}.Debug|x86.ActiveCfg = Debug|Any CPU
		{9DABCF61-C71A-4E5C-8EED-CDFF01CB4BBE}.Debug|x86.Build.0 = Debug|Any CPU
		{9DABCF61-C71A-4E5C-8EED-CDFF01CB4BBE}.Release|Any CPU.ActiveCfg = Release|Any CPU
		{9DABCF61-C71A-4E5C-8EED-CDFF01CB4BBE}.Release|Any CPU.Build.0 = Release|Any CPU
		{9DABCF61-C71A-4E5C-8EED-CDFF01CB4BBE}.Release|x64.ActiveCfg = Release|Any CPU
		{9DABCF61-C71A-4E5C-8EED-CDFF01CB4BBE}.Release|x64.Build.0 = Release|Any CPU
		{9DABCF61-C71A-4E5C-8EED-CDFF01CB4BBE}.Release|x86.ActiveCfg = Release|Any CPU
		{9DABCF61-C71A-4E5C-8EED-CDFF01CB4BBE}.Release|x86.Build.0 = Release|Any CPU
		{F4F4766F-5C9F-4650-862E-0189BAA1CA9E}.Debug|Any CPU.ActiveCfg = Debug|Any CPU
		{F4F4766F-5C9F-4650-862E-0189BAA1CA9E}.Debug|Any CPU.Build.0 = Debug|Any CPU
		{F4F4766F-5C9F-4650-862E-0189BAA1CA9E}.Debug|x64.ActiveCfg = Debug|Any CPU
		{F4F4766F-5C9F-4650-862E-0189BAA1CA9E}.Debug|x64.Build.0 = Debug|Any CPU
		{F4F4766F-5C9F-4650-862E-0189BAA1CA9E}.Debug|x86.ActiveCfg = Debug|Any CPU
		{F4F4766F-5C9F-4650-862E-0189BAA1CA9E}.Debug|x86.Build.0 = Debug|Any CPU
		{F4F4766F-5C9F-4650-862E-0189BAA1CA9E}.Release|Any CPU.ActiveCfg = Release|Any CPU
		{F4F4766F-5C9F-4650-862E-0189BAA1CA9E}.Release|Any CPU.Build.0 = Release|Any CPU
		{F4F4766F-5C9F-4650-862E-0189BAA1CA9E}.Release|x64.ActiveCfg = Release|Any CPU
		{F4F4766F-5C9F-4650-862E-0189BAA1CA9E}.Release|x64.Build.0 = Release|Any CPU
		{F4F4766F-5C9F-4650-862E-0189BAA1CA9E}.Release|x86.ActiveCfg = Release|Any CPU
		{F4F4766F-5C9F-4650-862E-0189BAA1CA9E}.Release|x86.Build.0 = Release|Any CPU
		{7473EE0B-4C44-4988-A7C3-35147B68A3D3}.Debug|Any CPU.ActiveCfg = Debug|Any CPU
		{7473EE0B-4C44-4988-A7C3-35147B68A3D3}.Debug|Any CPU.Build.0 = Debug|Any CPU
		{7473EE0B-4C44-4988-A7C3-35147B68A3D3}.Debug|x64.ActiveCfg = Debug|Any CPU
		{7473EE0B-4C44-4988-A7C3-35147B68A3D3}.Debug|x64.Build.0 = Debug|Any CPU
		{7473EE0B-4C44-4988-A7C3-35147B68A3D3}.Debug|x86.ActiveCfg = Debug|Any CPU
		{7473EE0B-4C44-4988-A7C3-35147B68A3D3}.Debug|x86.Build.0 = Debug|Any CPU
		{7473EE0B-4C44-4988-A7C3-35147B68A3D3}.Release|Any CPU.ActiveCfg = Release|Any CPU
		{7473EE0B-4C44-4988-A7C3-35147B68A3D3}.Release|Any CPU.Build.0 = Release|Any CPU
		{7473EE0B-4C44-4988-A7C3-35147B68A3D3}.Release|x64.ActiveCfg = Release|Any CPU
		{7473EE0B-4C44-4988-A7C3-35147B68A3D3}.Release|x64.Build.0 = Release|Any CPU
		{7473EE0B-4C44-4988-A7C3-35147B68A3D3}.Release|x86.ActiveCfg = Release|Any CPU
		{7473EE0B-4C44-4988-A7C3-35147B68A3D3}.Release|x86.Build.0 = Release|Any CPU
		{41477FC6-173B-446A-941E-F4B492CD047C}.Debug|Any CPU.ActiveCfg = Debug|Any CPU
		{41477FC6-173B-446A-941E-F4B492CD047C}.Debug|Any CPU.Build.0 = Debug|Any CPU
		{41477FC6-173B-446A-941E-F4B492CD047C}.Debug|x64.ActiveCfg = Debug|Any CPU
		{41477FC6-173B-446A-941E-F4B492CD047C}.Debug|x64.Build.0 = Debug|Any CPU
		{41477FC6-173B-446A-941E-F4B492CD047C}.Debug|x86.ActiveCfg = Debug|Any CPU
		{41477FC6-173B-446A-941E-F4B492CD047C}.Debug|x86.Build.0 = Debug|Any CPU
		{41477FC6-173B-446A-941E-F4B492CD047C}.Release|Any CPU.ActiveCfg = Release|Any CPU
		{41477FC6-173B-446A-941E-F4B492CD047C}.Release|Any CPU.Build.0 = Release|Any CPU
		{41477FC6-173B-446A-941E-F4B492CD047C}.Release|x64.ActiveCfg = Release|Any CPU
		{41477FC6-173B-446A-941E-F4B492CD047C}.Release|x64.Build.0 = Release|Any CPU
		{41477FC6-173B-446A-941E-F4B492CD047C}.Release|x86.ActiveCfg = Release|Any CPU
		{41477FC6-173B-446A-941E-F4B492CD047C}.Release|x86.Build.0 = Release|Any CPU
	EndGlobalSection
	GlobalSection(SolutionProperties) = preSolution
		HideSolutionNode = FALSE
	EndGlobalSection
	GlobalSection(NestedProjects) = preSolution
		{0A854C5D-8126-460C-9AA4-8E00462BBAB7} = {38050C7C-BCE7-4DC4-B0C9-BA506FBE065C}
		{E0861708-77E2-4813-BBC4-D4A5E52899E5} = {4B06D2B2-E90E-4A4F-AE63-5B11DDF5DD0F}
		{162F674D-4D68-4134-ACDF-7A6673DF4325} = {4B06D2B2-E90E-4A4F-AE63-5B11DDF5DD0F}
		{9DABCF61-C71A-4E5C-8EED-CDFF01CB4BBE} = {4B06D2B2-E90E-4A4F-AE63-5B11DDF5DD0F}
		{F4F4766F-5C9F-4650-862E-0189BAA1CA9E} = {4B06D2B2-E90E-4A4F-AE63-5B11DDF5DD0F}
		{7473EE0B-4C44-4988-A7C3-35147B68A3D3} = {38050C7C-BCE7-4DC4-B0C9-BA506FBE065C}
		{41477FC6-173B-446A-941E-F4B492CD047C} = {4B06D2B2-E90E-4A4F-AE63-5B11DDF5DD0F}
	EndGlobalSection
	GlobalSection(ExtensibilityGlobals) = postSolution
		SolutionGuid = {A4776E81-3D20-418C-991C-6AB0F58A14B4}
	EndGlobalSection
EndGlobal
